
Microsoft Visual Studio Solution File, Format Version 12.00
# Visual Studio Version 16
VisualStudioVersion = 16.0.33027.164
MinimumVisualStudioVersion = 10.0.40219.1
Project("{9A19103F-16F7-4668-BE54-9A1E7A4F7556}") = "Zulu Project", "Zulu Project\Zulu Project.csproj", "{8C35E369-6339-4B18-BA75-FC92F3AF3437}"
EndProject
Project("{FAE04EC0-301F-11D3-BF4B-00C04F79EFBC}") = "Zulu_MVC", "Zulu_MVC\Zulu_MVC.csproj", "{C0A08725-F1D3-4840-9F8C-4D3DCED50104}"
EndProject
Global
	GlobalSection(SolutionConfigurationPlatforms) = preSolution
		Debug|Any CPU = Debug|Any CPU
		Release|Any CPU = Release|Any CPU
	EndGlobalSection
	GlobalSection(ProjectConfigurationPlatforms) = postSolution
		{8C35E369-6339-4B18-BA75-FC92F3AF3437}.Debug|Any CPU.ActiveCfg = Debug|Any CPU
		{8C35E369-6339-4B18-BA75-FC92F3AF3437}.Debug|Any CPU.Build.0 = Debug|Any CPU
		{8C35E369-6339-4B18-BA75-FC92F3AF3437}.Release|Any CPU.ActiveCfg = Release|Any CPU
		{8C35E369-6339-4B18-BA75-FC92F3AF3437}.Release|Any CPU.Build.0 = Release|Any CPU
		{C0A08725-F1D3-4840-9F8C-4D3DCED50104}.Debug|Any CPU.ActiveCfg = Debug|Any CPU
		{C0A08725-F1D3-4840-9F8C-4D3DCED50104}.Debug|Any CPU.Build.0 = Debug|Any CPU
		{C0A08725-F1D3-4840-9F8C-4D3DCED50104}.Release|Any CPU.ActiveCfg = Release|Any CPU
		{C0A08725-F1D3-4840-9F8C-4D3DCED50104}.Release|Any CPU.Build.0 = Release|Any CPU
	EndGlobalSection
	GlobalSection(SolutionProperties) = preSolution
		HideSolutionNode = FALSE
	EndGlobalSection
	GlobalSection(ExtensibilityGlobals) = postSolution
		SolutionGuid = {BAF855A4-FA95-4E32-B82E-3786908D4339}
	EndGlobalSection
EndGlobal
